
Microsoft Visual Studio Solution File, Format Version 12.00
# Visual Studio Version 17
VisualStudioVersion = 17.7.34221.43
MinimumVisualStudioVersion = 10.0.40219.1
Project("{FAE04EC0-301F-11D3-BF4B-00C04F79EFBC}") = "School project", "School project.csproj", "{D781D6E5-D1F1-4068-9D52-8F1ECF9093D3}"
EndProject
Global
	GlobalSection(SolutionConfigurationPlatforms) = preSolution
		Debug|Any CPU = Debug|Any CPU
		Release|Any CPU = Release|Any CPU
	EndGlobalSection
	GlobalSection(ProjectConfigurationPlatforms) = postSolution
		{D781D6E5-D1F1-4068-9D52-8F1ECF9093D3}.Debug|Any CPU.ActiveCfg = Debug|Any CPU
		{D781D6E5-D1F1-4068-9D52-8F1ECF9093D3}.Debug|Any CPU.Build.0 = Debug|Any CPU
		{D781D6E5-D1F1-4068-9D52-8F1ECF9093D3}.Release|Any CPU.ActiveCfg = Release|Any CPU
		{D781D6E5-D1F1-4068-9D52-8F1ECF9093D3}.Release|Any CPU.Build.0 = Release|Any CPU
	EndGlobalSection
	GlobalSection(SolutionProperties) = preSolution
		HideSolutionNode = FALSE
	EndGlobalSection
	GlobalSection(ExtensibilityGlobals) = postSolution
		SolutionGuid = {3D3E8904-2C22-4910-8AE0-BD2CD3C7E457}
	EndGlobalSection
EndGlobal
